
Microsoft Visual Studio Solution File, Format Version 12.00
# Visual Studio Version 16
VisualStudioVersion = 16.0.31727.386
MinimumVisualStudioVersion = 10.0.40219.1
Project("{FAE04EC0-301F-11D3-BF4B-00C04F79EFBC}") = "DemoProject", "DemoProject.csproj", "{BF144E31-8B1A-405D-8FC9-0D501BCEC547}"
EndProject
Global
	GlobalSection(SolutionConfigurationPlatforms) = preSolution
		Debug|Any CPU = Debug|Any CPU
		Release|Any CPU = Release|Any CPU
	EndGlobalSection
	GlobalSection(ProjectConfigurationPlatforms) = postSolution
		{BF144E31-8B1A-405D-8FC9-0D501BCEC547}.Debug|Any CPU.ActiveCfg = Debug|Any CPU
		{BF144E31-8B1A-405D-8FC9-0D501BCEC547}.Debug|Any CPU.Build.0 = Debug|Any CPU
		{BF144E31-8B1A-405D-8FC9-0D501BCEC547}.Release|Any CPU.ActiveCfg = Release|Any CPU
		{BF144E31-8B1A-405D-8FC9-0D501BCEC547}.Release|Any CPU.Build.0 = Release|Any CPU
	EndGlobalSection
	GlobalSection(SolutionProperties) = preSolution
		HideSolutionNode = FALSE
	EndGlobalSection
	GlobalSection(ExtensibilityGlobals) = postSolution
		SolutionGuid = {FB3F8704-725D-4F70-9B2C-676709A72690}
	EndGlobalSection
EndGlobal
